// !$*UTF8*$!
{
	archiveVersion = 1;
	classes = {
	};
	objectVersion = 56;
	objects = {

/* Begin PBXBuildFile section */
		1288932E2B2424AA00DE702A /* DeepMareApp.swift in Sources */ = {isa = PBXBuildFile; fileRef = 1288932D2B2424AA00DE702A /* DeepMareApp.swift */; };
		128893302B2424AA00DE702A /* LandingView.swift in Sources */ = {isa = PBXBuildFile; fileRef = 1288932F2B2424AA00DE702A /* LandingView.swift */; };
		128893322B2424AE00DE702A /* Assets.xcassets in Resources */ = {isa = PBXBuildFile; fileRef = 128893312B2424AE00DE702A /* Assets.xcassets */; };
		128893352B2424AE00DE702A /* Preview Assets.xcassets in Resources */ = {isa = PBXBuildFile; fileRef = 128893342B2424AE00DE702A /* Preview Assets.xcassets */; };
		1288933F2B2424AF00DE702A /* DeepMareTests.swift in Sources */ = {isa = PBXBuildFile; fileRef = 1288933E2B2424AF00DE702A /* DeepMareTests.swift */; };
		128893492B2424AF00DE702A /* DeepMareUITests.swift in Sources */ = {isa = PBXBuildFile; fileRef = 128893482B2424AF00DE702A /* DeepMareUITests.swift */; };
		1288934B2B2424AF00DE702A /* DeepMareUITestsLaunchTests.swift in Sources */ = {isa = PBXBuildFile; fileRef = 1288934A2B2424AF00DE702A /* DeepMareUITestsLaunchTests.swift */; };
		128893592B244F9D00DE702A /* SleepTracking.swift in Sources */ = {isa = PBXBuildFile; fileRef = 128893582B244F9D00DE702A /* SleepTracking.swift */; };
		1288935D2B245A8200DE702A /* SleepData.swift in Sources */ = {isa = PBXBuildFile; fileRef = 1288935C2B245A8200DE702A /* SleepData.swift */; };
/* End PBXBuildFile section */

/* Begin PBXContainerItemProxy section */
		1288933B2B2424AF00DE702A /* PBXContainerItemProxy */ = {
			isa = PBXContainerItemProxy;
			containerPortal = 128893222B2424A900DE702A /* Project object */;
			proxyType = 1;
			remoteGlobalIDString = 128893292B2424AA00DE702A;
			remoteInfo = DeepMare;
		};
		128893452B2424AF00DE702A /* PBXContainerItemProxy */ = {
			isa = PBXContainerItemProxy;
			containerPortal = 128893222B2424A900DE702A /* Project object */;
			proxyType = 1;
			remoteGlobalIDString = 128893292B2424AA00DE702A;
			remoteInfo = DeepMare;
		};
/* End PBXContainerItemProxy section */

/* Begin PBXFileReference section */
		1288932A2B2424AA00DE702A /* DeepMare.app */ = {isa = PBXFileReference; explicitFileType = wrapper.application; includeInIndex = 0; path = DeepMare.app; sourceTree = BUILT_PRODUCTS_DIR; };
		1288932D2B2424AA00DE702A /* DeepMareApp.swift */ = {isa = PBXFileReference; lastKnownFileType = sourcecode.swift; path = DeepMareApp.swift; sourceTree = "<group>"; };
		1288932F2B2424AA00DE702A /* LandingView.swift */ = {isa = PBXFileReference; lastKnownFileType = sourcecode.swift; path = LandingView.swift; sourceTree = "<group>"; };
		128893312B2424AE00DE702A /* Assets.xcassets */ = {isa = PBXFileReference; lastKnownFileType = folder.assetcatalog; path = Assets.xcassets; sourceTree = "<group>"; };
		128893342B2424AE00DE702A /* Preview Assets.xcassets */ = {isa = PBXFileReference; lastKnownFileType = folder.assetcatalog; path = "Preview Assets.xcassets"; sourceTree = "<group>"; };
		1288933A2B2424AF00DE702A /* DeepMareTests.xctest */ = {isa = PBXFileReference; explicitFileType = wrapper.cfbundle; includeInIndex = 0; path = DeepMareTests.xctest; sourceTree = BUILT_PRODUCTS_DIR; };
		1288933E2B2424AF00DE702A /* DeepMareTests.swift */ = {isa = PBXFileReference; lastKnownFileType = sourcecode.swift; path = DeepMareTests.swift; sourceTree = "<group>"; };
		128893442B2424AF00DE702A /* DeepMareUITests.xctest */ = {isa = PBXFileReference; explicitFileType = wrapper.cfbundle; includeInIndex = 0; path = DeepMareUITests.xctest; sourceTree = BUILT_PRODUCTS_DIR; };
		128893482B2424AF00DE702A /* DeepMareUITests.swift */ = {isa = PBXFileReference; lastKnownFileType = sourcecode.swift; path = DeepMareUITests.swift; sourceTree = "<group>"; };
		1288934A2B2424AF00DE702A /* DeepMareUITestsLaunchTests.swift */ = {isa = PBXFileReference; lastKnownFileType = sourcecode.swift; path = DeepMareUITestsLaunchTests.swift; sourceTree = "<group>"; };
		128893582B244F9D00DE702A /* SleepTracking.swift */ = {isa = PBXFileReference; lastKnownFileType = sourcecode.swift; path = SleepTracking.swift; sourceTree = "<group>"; };
		1288935A2B24512B00DE702A /* DeepMare.entitlements */ = {isa = PBXFileReference; lastKnownFileType = text.plist.entitlements; path = DeepMare.entitlements; sourceTree = "<group>"; };
		1288935C2B245A8200DE702A /* SleepData.swift */ = {isa = PBXFileReference; lastKnownFileType = sourcecode.swift; path = SleepData.swift; sourceTree = "<group>"; };
/* End PBXFileReference section */

/* Begin PBXFrameworksBuildPhase section */
		128893272B2424AA00DE702A /* Frameworks */ = {
			isa = PBXFrameworksBuildPhase;
			buildActionMask = 2147483647;
			files = (
			);
			runOnlyForDeploymentPostprocessing = 0;
		};
		128893372B2424AF00DE702A /* Frameworks */ = {
			isa = PBXFrameworksBuildPhase;
			buildActionMask = 2147483647;
			files = (
			);
			runOnlyForDeploymentPostprocessing = 0;
		};
		128893412B2424AF00DE702A /* Frameworks */ = {
			isa = PBXFrameworksBuildPhase;
			buildActionMask = 2147483647;
			files = (
			);
			runOnlyForDeploymentPostprocessing = 0;
		};
/* End PBXFrameworksBuildPhase section */

/* Begin PBXGroup section */
		128893212B2424A900DE702A = {
			isa = PBXGroup;
			children = (
				1288935B2B24590900DE702A /* Models */,
				128893572B244F3800DE702A /* SleepTracking */,
				1288932C2B2424AA00DE702A /* DeepMare */,
				1288933D2B2424AF00DE702A /* DeepMareTests */,
				128893472B2424AF00DE702A /* DeepMareUITests */,
				1288932B2B2424AA00DE702A /* Products */,
			);
			sourceTree = "<group>";
		};
		1288932B2B2424AA00DE702A /* Products */ = {
			isa = PBXGroup;
			children = (
				1288932A2B2424AA00DE702A /* DeepMare.app */,
				1288933A2B2424AF00DE702A /* DeepMareTests.xctest */,
				128893442B2424AF00DE702A /* DeepMareUITests.xctest */,
			);
			name = Products;
			sourceTree = "<group>";
		};
		1288932C2B2424AA00DE702A /* DeepMare */ = {
			isa = PBXGroup;
			children = (
				1288935A2B24512B00DE702A /* DeepMare.entitlements */,
				1288932D2B2424AA00DE702A /* DeepMareApp.swift */,
				1288932F2B2424AA00DE702A /* LandingView.swift */,
				128893312B2424AE00DE702A /* Assets.xcassets */,
				128893332B2424AE00DE702A /* Preview Content */,
			);
			path = DeepMare;
			sourceTree = "<group>";
		};
		128893332B2424AE00DE702A /* Preview Content */ = {
			isa = PBXGroup;
			children = (
				128893342B2424AE00DE702A /* Preview Assets.xcassets */,
			);
			path = "Preview Content";
			sourceTree = "<group>";
		};
		1288933D2B2424AF00DE702A /* DeepMareTests */ = {
			isa = PBXGroup;
			children = (
				1288933E2B2424AF00DE702A /* DeepMareTests.swift */,
			);
			path = DeepMareTests;
			sourceTree = "<group>";
		};
		128893472B2424AF00DE702A /* DeepMareUITests */ = {
			isa = PBXGroup;
			children = (
				128893482B2424AF00DE702A /* DeepMareUITests.swift */,
				1288934A2B2424AF00DE702A /* DeepMareUITestsLaunchTests.swift */,
			);
			path = DeepMareUITests;
			sourceTree = "<group>";
		};
		128893572B244F3800DE702A /* SleepTracking */ = {
			isa = PBXGroup;
			children = (
				128893582B244F9D00DE702A /* SleepTracking.swift */,
			);
			path = SleepTracking;
			sourceTree = "<group>";
		};
		1288935B2B24590900DE702A /* Models */ = {
			isa = PBXGroup;
			children = (
				1288935C2B245A8200DE702A /* SleepData.swift */,
			);
			path = Models;
			sourceTree = "<group>";
		};
/* End PBXGroup section */

/* Begin PBXNativeTarget section */
		128893292B2424AA00DE702A /* DeepMare */ = {
			isa = PBXNativeTarget;
			buildConfigurationList = 1288934E2B2424AF00DE702A /* Build configuration list for PBXNativeTarget "DeepMare" */;
			buildPhases = (
				128893262B2424AA00DE702A /* Sources */,
				128893272B2424AA00DE702A /* Frameworks */,
				128893282B2424AA00DE702A /* Resources */,
			);
			buildRules = (
			);
			dependencies = (
			);
			name = DeepMare;
			productName = DeepMare;
			productReference = 1288932A2B2424AA00DE702A /* DeepMare.app */;
			productType = "com.apple.product-type.application";
		};
		128893392B2424AF00DE702A /* DeepMareTests */ = {
			isa = PBXNativeTarget;
			buildConfigurationList = 128893512B2424AF00DE702A /* Build configuration list for PBXNativeTarget "DeepMareTests" */;
			buildPhases = (
				128893362B2424AF00DE702A /* Sources */,
				128893372B2424AF00DE702A /* Frameworks */,
				128893382B2424AF00DE702A /* Resources */,
			);
			buildRules = (
			);
			dependencies = (
				1288933C2B2424AF00DE702A /* PBXTargetDependency */,
			);
			name = DeepMareTests;
			productName = DeepMareTests;
			productReference = 1288933A2B2424AF00DE702A /* DeepMareTests.xctest */;
			productType = "com.apple.product-type.bundle.unit-test";
		};
		128893432B2424AF00DE702A /* DeepMareUITests */ = {
			isa = PBXNativeTarget;
			buildConfigurationList = 128893542B2424AF00DE702A /* Build configuration list for PBXNativeTarget "DeepMareUITests" */;
			buildPhases = (
				128893402B2424AF00DE702A /* Sources */,
				128893412B2424AF00DE702A /* Frameworks */,
				128893422B2424AF00DE702A /* Resources */,
			);
			buildRules = (
			);
			dependencies = (
				128893462B2424AF00DE702A /* PBXTargetDependency */,
			);
			name = DeepMareUITests;
			productName = DeepMareUITests;
			productReference = 128893442B2424AF00DE702A /* DeepMareUITests.xctest */;
			productType = "com.apple.product-type.bundle.ui-testing";
		};
/* End PBXNativeTarget section */

/* Begin PBXProject section */
		128893222B2424A900DE702A /* Project object */ = {
			isa = PBXProject;
			attributes = {
				BuildIndependentTargetsInParallel = 1;
				LastSwiftUpdateCheck = 1500;
				LastUpgradeCheck = 1500;
				TargetAttributes = {
					128893292B2424AA00DE702A = {
						CreatedOnToolsVersion = 15.0.1;
					};
					128893392B2424AF00DE702A = {
						CreatedOnToolsVersion = 15.0.1;
						TestTargetID = 128893292B2424AA00DE702A;
					};
					128893432B2424AF00DE702A = {
						CreatedOnToolsVersion = 15.0.1;
						TestTargetID = 128893292B2424AA00DE702A;
					};
				};
			};
			buildConfigurationList = 128893252B2424AA00DE702A /* Build configuration list for PBXProject "DeepMare" */;
			compatibilityVersion = "Xcode 14.0";
			developmentRegion = en;
			hasScannedForEncodings = 0;
			knownRegions = (
				en,
				Base,
			);
			mainGroup = 128893212B2424A900DE702A;
			productRefGroup = 1288932B2B2424AA00DE702A /* Products */;
			projectDirPath = "";
			projectRoot = "";
			targets = (
				128893292B2424AA00DE702A /* DeepMare */,
				128893392B2424AF00DE702A /* DeepMareTests */,
				128893432B2424AF00DE702A /* DeepMareUITests */,
			);
		};
/* End PBXProject section */

/* Begin PBXResourcesBuildPhase section */
		128893282B2424AA00DE702A /* Resources */ = {
			isa = PBXResourcesBuildPhase;
			buildActionMask = 2147483647;
			files = (
				128893352B2424AE00DE702A /* Preview Assets.xcassets in Resources */,
				128893322B2424AE00DE702A /* Assets.xcassets in Resources */,
			);
			runOnlyForDeploymentPostprocessing = 0;
		};
		128893382B2424AF00DE702A /* Resources */ = {
			isa = PBXResourcesBuildPhase;
			buildActionMask = 2147483647;
			files = (
			);
			runOnlyForDeploymentPostprocessing = 0;
		};
		128893422B2424AF00DE702A /* Resources */ = {
			isa = PBXResourcesBuildPhase;
			buildActionMask = 2147483647;
			files = (
			);
			runOnlyForDeploymentPostprocessing = 0;
		};
/* End PBXResourcesBuildPhase section */

/* Begin PBXSourcesBuildPhase section */
		128893262B2424AA00DE702A /* Sources */ = {
			isa = PBXSourcesBuildPhase;
			buildActionMask = 2147483647;
			files = (
				128893302B2424AA00DE702A /* LandingView.swift in Sources */,
				1288935D2B245A8200DE702A /* SleepData.swift in Sources */,
				128893592B244F9D00DE702A /* SleepTracking.swift in Sources */,
				1288932E2B2424AA00DE702A /* DeepMareApp.swift in Sources */,
			);
			runOnlyForDeploymentPostprocessing = 0;
		};
		128893362B2424AF00DE702A /* Sources */ = {
			isa = PBXSourcesBuildPhase;
			buildActionMask = 2147483647;
			files = (
				1288933F2B2424AF00DE702A /* DeepMareTests.swift in Sources */,
			);
			runOnlyForDeploymentPostprocessing = 0;
		};
		128893402B2424AF00DE702A /* Sources */ = {
			isa = PBXSourcesBuildPhase;
			buildActionMask = 2147483647;
			files = (
				1288934B2B2424AF00DE702A /* DeepMareUITestsLaunchTests.swift in Sources */,
				128893492B2424AF00DE702A /* DeepMareUITests.swift in Sources */,
			);
			runOnlyForDeploymentPostprocessing = 0;
		};
/* End PBXSourcesBuildPhase section */

/* Begin PBXTargetDependency section */
		1288933C2B2424AF00DE702A /* PBXTargetDependency */ = {
			isa = PBXTargetDependency;
			target = 128893292B2424AA00DE702A /* DeepMare */;
			targetProxy = 1288933B2B2424AF00DE702A /* PBXContainerItemProxy */;
		};
		128893462B2424AF00DE702A /* PBXTargetDependency */ = {
			isa = PBXTargetDependency;
			target = 128893292B2424AA00DE702A /* DeepMare */;
			targetProxy = 128893452B2424AF00DE702A /* PBXContainerItemProxy */;
		};
/* End PBXTargetDependency section */

/* Begin XCBuildConfiguration section */
		1288934C2B2424AF00DE702A /* Debug */ = {
			isa = XCBuildConfiguration;
			buildSettings = {
				ALWAYS_SEARCH_USER_PATHS = NO;
				ASSETCATALOG_COMPILER_GENERATE_SWIFT_ASSET_SYMBOL_EXTENSIONS = YES;
				CLANG_ANALYZER_NONNULL = YES;
				CLANG_ANALYZER_NUMBER_OBJECT_CONVERSION = YES_AGGRESSIVE;
				CLANG_CXX_LANGUAGE_STANDARD = "gnu++20";
				CLANG_ENABLE_MODULES = YES;
				CLANG_ENABLE_OBJC_ARC = YES;
				CLANG_ENABLE_OBJC_WEAK = YES;
				CLANG_WARN_BLOCK_CAPTURE_AUTORELEASING = YES;
				CLANG_WARN_BOOL_CONVERSION = YES;
				CLANG_WARN_COMMA = YES;
				CLANG_WARN_CONSTANT_CONVERSION = YES;
				CLANG_WARN_DEPRECATED_OBJC_IMPLEMENTATIONS = YES;
				CLANG_WARN_DIRECT_OBJC_ISA_USAGE = YES_ERROR;
				CLANG_WARN_DOCUMENTATION_COMMENTS = YES;
				CLANG_WARN_EMPTY_BODY = YES;
				CLANG_WARN_ENUM_CONVERSION = YES;
				CLANG_WARN_INFINITE_RECURSION = YES;
				CLANG_WARN_INT_CONVERSION = YES;
				CLANG_WARN_NON_LITERAL_NULL_CONVERSION = YES;
				CLANG_WARN_OBJC_IMPLICIT_RETAIN_SELF = YES;
				CLANG_WARN_OBJC_LITERAL_CONVERSION = YES;
				CLANG_WARN_OBJC_ROOT_CLASS = YES_ERROR;
				CLANG_WARN_QUOTED_INCLUDE_IN_FRAMEWORK_HEADER = YES;
				CLANG_WARN_RANGE_LOOP_ANALYSIS = YES;
				CLANG_WARN_STRICT_PROTOTYPES = YES;
				CLANG_WARN_SUSPICIOUS_MOVE = YES;
				CLANG_WARN_UNGUARDED_AVAILABILITY = YES_AGGRESSIVE;
				CLANG_WARN_UNREACHABLE_CODE = YES;
				CLANG_WARN__DUPLICATE_METHOD_MATCH = YES;
				COPY_PHASE_STRIP = NO;
				DEBUG_INFORMATION_FORMAT = dwarf;
				ENABLE_STRICT_OBJC_MSGSEND = YES;
				ENABLE_TESTABILITY = YES;
				ENABLE_USER_SCRIPT_SANDBOXING = YES;
				GCC_C_LANGUAGE_STANDARD = gnu17;
				GCC_DYNAMIC_NO_PIC = NO;
				GCC_NO_COMMON_BLOCKS = YES;
				GCC_OPTIMIZATION_LEVEL = 0;
				GCC_PREPROCESSOR_DEFINITIONS = (
					"DEBUG=1",
					"$(inherited)",
				);
				GCC_WARN_64_TO_32_BIT_CONVERSION = YES;
				GCC_WARN_ABOUT_RETURN_TYPE = YES_ERROR;
				GCC_WARN_UNDECLARED_SELECTOR = YES;
				GCC_WARN_UNINITIALIZED_AUTOS = YES_AGGRESSIVE;
				GCC_WARN_UNUSED_FUNCTION = YES;
				GCC_WARN_UNUSED_VARIABLE = YES;
				IPHONEOS_DEPLOYMENT_TARGET = 17.0;
				LOCALIZATION_PREFERS_STRING_CATALOGS = YES;
				MTL_ENABLE_DEBUG_INFO = INCLUDE_SOURCE;
				MTL_FAST_MATH = YES;
				ONLY_ACTIVE_ARCH = YES;
				SDKROOT = iphoneos;
				SWIFT_ACTIVE_COMPILATION_CONDITIONS = "DEBUG $(inherited)";
				SWIFT_OPTIMIZATION_LEVEL = "-Onone";
			};
			name = Debug;
		};
		1288934D2B2424AF00DE702A /* Release */ = {
			isa = XCBuildConfiguration;
			buildSettings = {
				ALWAYS_SEARCH_USER_PATHS = NO;
				ASSETCATALOG_COMPILER_GENERATE_SWIFT_ASSET_SYMBOL_EXTENSIONS = YES;
				CLANG_ANALYZER_NONNULL = YES;
				CLANG_ANALYZER_NUMBER_OBJECT_CONVERSION = YES_AGGRESSIVE;
				CLANG_CXX_LANGUAGE_STANDARD = "gnu++20";
				CLANG_ENABLE_MODULES = YES;
				CLANG_ENABLE_OBJC_ARC = YES;
				CLANG_ENABLE_OBJC_WEAK = YES;
				CLANG_WARN_BLOCK_CAPTURE_AUTORELEASING = YES;
				CLANG_WARN_BOOL_CONVERSION = YES;
				CLANG_WARN_COMMA = YES;
				CLANG_WARN_CONSTANT_CONVERSION = YES;
				CLANG_WARN_DEPRECATED_OBJC_IMPLEMENTATIONS = YES;
				CLANG_WARN_DIRECT_OBJC_ISA_USAGE = YES_ERROR;
				CLANG_WARN_DOCUMENTATION_COMMENTS = YES;
				CLANG_WARN_EMPTY_BODY = YES;
				CLANG_WARN_ENUM_CONVERSION = YES;
				CLANG_WARN_INFINITE_RECURSION = YES;
				CLANG_WARN_INT_CONVERSION = YES;
				CLANG_WARN_NON_LITERAL_NULL_CONVERSION = YES;
				CLANG_WARN_OBJC_IMPLICIT_RETAIN_SELF = YES;
				CLANG_WARN_OBJC_LITERAL_CONVERSION = YES;
				CLANG_WARN_OBJC_ROOT_CLASS = YES_ERROR;
				CLANG_WARN_QUOTED_INCLUDE_IN_FRAMEWORK_HEADER = YES;
				CLANG_WARN_RANGE_LOOP_ANALYSIS = YES;
				CLANG_WARN_STRICT_PROTOTYPES = YES;
				CLANG_WARN_SUSPICIOUS_MOVE = YES;
				CLANG_WARN_UNGUARDED_AVAILABILITY = YES_AGGRESSIVE;
				CLANG_WARN_UNREACHABLE_CODE = YES;
				CLANG_WARN__DUPLICATE_METHOD_MATCH = YES;
				COPY_PHASE_STRIP = NO;
				DEBUG_INFORMATION_FORMAT = "dwarf-with-dsym";
				ENABLE_NS_ASSERTIONS = NO;
				ENABLE_STRICT_OBJC_MSGSEND = YES;
				ENABLE_USER_SCRIPT_SANDBOXING = YES;
				GCC_C_LANGUAGE_STANDARD = gnu17;
				GCC_NO_COMMON_BLOCKS = YES;
				GCC_WARN_64_TO_32_BIT_CONVERSION = YES;
				GCC_WARN_ABOUT_RETURN_TYPE = YES_ERROR;
				GCC_WARN_UNDECLARED_SELECTOR = YES;
				GCC_WARN_UNINITIALIZED_AUTOS = YES_AGGRESSIVE;
				GCC_WARN_UNUSED_FUNCTION = YES;
				GCC_WARN_UNUSED_VARIABLE = YES;
				IPHONEOS_DEPLOYMENT_TARGET = 17.0;
				LOCALIZATION_PREFERS_STRING_CATALOGS = YES;
				MTL_ENABLE_DEBUG_INFO = NO;
				MTL_FAST_MATH = YES;
				SDKROOT = iphoneos;
				SWIFT_COMPILATION_MODE = wholemodule;
				VALIDATE_PRODUCT = YES;
			};
			name = Release;
		};
		1288934F2B2424AF00DE702A /* Debug */ = {
			isa = XCBuildConfiguration;
			buildSettings = {
				ASSETCATALOG_COMPILER_APPICON_NAME = AppIcon;
				ASSETCATALOG_COMPILER_GLOBAL_ACCENT_COLOR_NAME = AccentColor;
				CODE_SIGN_ENTITLEMENTS = DeepMare/DeepMare.entitlements;
				CODE_SIGN_STYLE = Automatic;
				CURRENT_PROJECT_VERSION = 1;
				DEVELOPMENT_ASSET_PATHS = "\"DeepMare/Preview Content\"";
				DEVELOPMENT_TEAM = G365K89X2X;
				ENABLE_PREVIEWS = YES;
				GENERATE_INFOPLIST_FILE = YES;
				INFOPLIST_KEY_UIApplicationSceneManifest_Generation = YES;
				INFOPLIST_KEY_UIApplicationSupportsIndirectInputEvents = YES;
				INFOPLIST_KEY_UILaunchScreen_Generation = YES;
				INFOPLIST_KEY_UISupportedInterfaceOrientations_iPad = "UIInterfaceOrientationPortrait UIInterfaceOrientationPortraitUpsideDown UIInterfaceOrientationLandscapeLeft UIInterfaceOrientationLandscapeRight";
				INFOPLIST_KEY_UISupportedInterfaceOrientations_iPhone = "UIInterfaceOrientationPortrait UIInterfaceOrientationLandscapeLeft UIInterfaceOrientationLandscapeRight";
				LD_RUNPATH_SEARCH_PATHS = (
					"$(inherited)",
					"@executable_path/Frameworks",
				);
				MARKETING_VERSION = 1.0;
				PRODUCT_BUNDLE_IDENTIFIER = "X-Area.DeepMare";
				PRODUCT_NAME = "$(TARGET_NAME)";
				SWIFT_EMIT_LOC_STRINGS = YES;
				SWIFT_VERSION = 5.0;
				TARGETED_DEVICE_FAMILY = "1,2";
			};
			name = Debug;
		};
		128893502B2424AF00DE702A /* Release */ = {
			isa = XCBuildConfiguration;
			buildSettings = {
				ASSETCATALOG_COMPILER_APPICON_NAME = AppIcon;
				ASSETCATALOG_COMPILER_GLOBAL_ACCENT_COLOR_NAME = AccentColor;
				CODE_SIGN_ENTITLEMENTS = DeepMare/DeepMare.entitlements;
				CODE_SIGN_STYLE = Automatic;
				CURRENT_PROJECT_VERSION = 1;
				DEVELOPMENT_ASSET_PATHS = "\"DeepMare/Preview Content\"";
				DEVELOPMENT_TEAM = G365K89X2X;
				ENABLE_PREVIEWS = YES;
				GENERATE_INFOPLIST_FILE = YES;
				INFOPLIST_KEY_UIApplicationSceneManifest_Generation = YES;
				INFOPLIST_KEY_UIApplicationSupportsIndirectInputEvents = YES;
				INFOPLIST_KEY_UILaunchScreen_Generation = YES;
				INFOPLIST_KEY_UISupportedInterfaceOrientations_iPad = "UIInterfaceOrientationPortrait UIInterfaceOrientationPortraitUpsideDown UIInterfaceOrientationLandscapeLeft UIInterfaceOrientationLandscapeRight";
				INFOPLIST_KEY_UISupportedInterfaceOrientations_iPhone = "UIInterfaceOrientationPortrait UIInterfaceOrientationLandscapeLeft UIInterfaceOrientationLandscapeRight";
				LD_RUNPATH_SEARCH_PATHS = (
					"$(inherited)",
					"@executable_path/Frameworks",
				);
				MARKETING_VERSION = 1.0;
				PRODUCT_BUNDLE_IDENTIFIER = "X-Area.DeepMare";
				PRODUCT_NAME = "$(TARGET_NAME)";
				SWIFT_EMIT_LOC_STRINGS = YES;
				SWIFT_VERSION = 5.0;
				TARGETED_DEVICE_FAMILY = "1,2";
			};
			name = Release;
		};
		128893522B2424AF00DE702A /* Debug */ = {
			isa = XCBuildConfiguration;
			buildSettings = {
				ALWAYS_EMBED_SWIFT_STANDARD_LIBRARIES = YES;
				BUNDLE_LOADER = "$(TEST_HOST)";
				CODE_SIGN_STYLE = Automatic;
				CURRENT_PROJECT_VERSION = 1;
				DEVELOPMENT_TEAM = G365K89X2X;
				GENERATE_INFOPLIST_FILE = YES;
				IPHONEOS_DEPLOYMENT_TARGET = 17.0;
				MARKETING_VERSION = 1.0;
				PRODUCT_BUNDLE_IDENTIFIER = "X-Area.DeepMareTests";
				PRODUCT_NAME = "$(TARGET_NAME)";
				SWIFT_EMIT_LOC_STRINGS = NO;
				SWIFT_VERSION = 5.0;
				TARGETED_DEVICE_FAMILY = "1,2";
				TEST_HOST = "$(BUILT_PRODUCTS_DIR)/DeepMare.app/$(BUNDLE_EXECUTABLE_FOLDER_PATH)/DeepMare";
			};
			name = Debug;
		};
		128893532B2424AF00DE702A /* Release */ = {
			isa = XCBuildConfiguration;
			buildSettings = {
				ALWAYS_EMBED_SWIFT_STANDARD_LIBRARIES = YES;
				BUNDLE_LOADER = "$(TEST_HOST)";
				CODE_SIGN_STYLE = Automatic;
				CURRENT_PROJECT_VERSION = 1;
				DEVELOPMENT_TEAM = G365K89X2X;
				GENERATE_INFOPLIST_FILE = YES;
				IPHONEOS_DEPLOYMENT_TARGET = 17.0;
				MARKETING_VERSION = 1.0;
				PRODUCT_BUNDLE_IDENTIFIER = "X-Area.DeepMareTests";
				PRODUCT_NAME = "$(TARGET_NAME)";
				SWIFT_EMIT_LOC_STRINGS = NO;
				SWIFT_VERSION = 5.0;
				TARGETED_DEVICE_FAMILY = "1,2";
				TEST_HOST = "$(BUILT_PRODUCTS_DIR)/DeepMare.app/$(BUNDLE_EXECUTABLE_FOLDER_PATH)/DeepMare";
			};
			name = Release;
		};
		128893552B2424AF00DE702A /* Debug */ = {
			isa = XCBuildConfiguration;
			buildSettings = {
				ALWAYS_EMBED_SWIFT_STANDARD_LIBRARIES = YES;
				CODE_SIGN_STYLE = Automatic;
				CURRENT_PROJECT_VERSION = 1;
				DEVELOPMENT_TEAM = G365K89X2X;
				GENERATE_INFOPLIST_FILE = YES;
				MARKETING_VERSION = 1.0;
				PRODUCT_BUNDLE_IDENTIFIER = "X-Area.DeepMareUITests";
				PRODUCT_NAME = "$(TARGET_NAME)";
				SWIFT_EMIT_LOC_STRINGS = NO;
				SWIFT_VERSION = 5.0;
				TARGETED_DEVICE_FAMILY = "1,2";
				TEST_TARGET_NAME = DeepMare;
			};
			name = Debug;
		};
		128893562B2424AF00DE702A /* Release */ = {
			isa = XCBuildConfiguration;
			buildSettings = {
				ALWAYS_EMBED_SWIFT_STANDARD_LIBRARIES = YES;
				CODE_SIGN_STYLE = Automatic;
				CURRENT_PROJECT_VERSION = 1;
				DEVELOPMENT_TEAM = G365K89X2X;
				GENERATE_INFOPLIST_FILE = YES;
				MARKETING_VERSION = 1.0;
				PRODUCT_BUNDLE_IDENTIFIER = "X-Area.DeepMareUITests";
				PRODUCT_NAME = "$(TARGET_NAME)";
				SWIFT_EMIT_LOC_STRINGS = NO;
				SWIFT_VERSION = 5.0;
				TARGETED_DEVICE_FAMILY = "1,2";
				TEST_TARGET_NAME = DeepMare;
			};
			name = Release;
		};
/* End XCBuildConfiguration section */

/* Begin XCConfigurationList section */
		128893252B2424AA00DE702A /* Build configuration list for PBXProject "DeepMare" */ = {
			isa = XCConfigurationList;
			buildConfigurations = (
				1288934C2B2424AF00DE702A /* Debug */,
				1288934D2B2424AF00DE702A /* Release */,
			);
			defaultConfigurationIsVisible = 0;
			defaultConfigurationName = Release;
		};
		1288934E2B2424AF00DE702A /* Build configuration list for PBXNativeTarget "DeepMare" */ = {
			isa = XCConfigurationList;
			buildConfigurations = (
				1288934F2B2424AF00DE702A /* Debug */,
				128893502B2424AF00DE702A /* Release */,
			);
			defaultConfigurationIsVisible = 0;
			defaultConfigurationName = Release;
		};
		128893512B2424AF00DE702A /* Build configuration list for PBXNativeTarget "DeepMareTests" */ = {
			isa = XCConfigurationList;
			buildConfigurations = (
				128893522B2424AF00DE702A /* Debug */,
				128893532B2424AF00DE702A /* Release */,
			);
			defaultConfigurationIsVisible = 0;
			defaultConfigurationName = Release;
		};
		128893542B2424AF00DE702A /* Build configuration list for PBXNativeTarget "DeepMareUITests" */ = {
			isa = XCConfigurationList;
			buildConfigurations = (
				128893552B2424AF00DE702A /* Debug */,
				128893562B2424AF00DE702A /* Release */,
			);
			defaultConfigurationIsVisible = 0;
			defaultConfigurationName = Release;
		};
/* End XCConfigurationList section */
	};
	rootObject = 128893222B2424A900DE702A /* Project object */;
}
